// !$*UTF8*$!
{
	archiveVersion = 1;
	classes = {
	};
	objectVersion = 46;
	objects = {

/* Begin PBXBuildFile section */
		B11099441EAD641800C63C03 /* PlaySoundsViewController+Audio.swift in Sources */ = {isa = PBXBuildFile; fileRef = B11099431EAD641800C63C03 /* PlaySoundsViewController+Audio.swift */; };
		B15361851EAD47BF008CAD92 /* Assets.xcassets in Resources */ = {isa = PBXBuildFile; fileRef = B15361841EAD47BF008CAD92 /* Assets.xcassets */; };
		B1FE208B1EAA4BA000E2D1D9 /* AppDelegate.swift in Sources */ = {isa = PBXBuildFile; fileRef = B1FE208A1EAA4BA000E2D1D9 /* AppDelegate.swift */; };
		B1FE208D1EAA4BA000E2D1D9 /* RecordSoundsViewController.swift in Sources */ = {isa = PBXBuildFile; fileRef = B1FE208C1EAA4BA000E2D1D9 /* RecordSoundsViewController.swift */; };
		B1FE20901EAA4BA000E2D1D9 /* Main.storyboard in Resources */ = {isa = PBXBuildFile; fileRef = B1FE208E1EAA4BA000E2D1D9 /* Main.storyboard */; };
		B1FE20951EAA4BA000E2D1D9 /* LaunchScreen.storyboard in Resources */ = {isa = PBXBuildFile; fileRef = B1FE20931EAA4BA000E2D1D9 /* LaunchScreen.storyboard */; };
		B1FE20AB1EAA4BA000E2D1D9 /* PitchPerfectUITests.swift in Sources */ = {isa = PBXBuildFile; fileRef = B1FE20AA1EAA4BA000E2D1D9 /* PitchPerfectUITests.swift */; };
		B1FE20B91EAAAC2700E2D1D9 /* PlaySoundsViewController.swift in Sources */ = {isa = PBXBuildFile; fileRef = B1FE20B81EAAAC2700E2D1D9 /* PlaySoundsViewController.swift */; };
/* End PBXBuildFile section */

/* Begin PBXContainerItemProxy section */
		B1FE209C1EAA4BA000E2D1D9 /* PBXContainerItemProxy */ = {
			isa = PBXContainerItemProxy;
			containerPortal = B1FE207F1EAA4BA000E2D1D9 /* Project object */;
			proxyType = 1;
			remoteGlobalIDString = B1FE20861EAA4BA000E2D1D9;
			remoteInfo = PitchRecord;
		};
		B1FE20A71EAA4BA000E2D1D9 /* PBXContainerItemProxy */ = {
			isa = PBXContainerItemProxy;
			containerPortal = B1FE207F1EAA4BA000E2D1D9 /* Project object */;
			proxyType = 1;
			remoteGlobalIDString = B1FE20861EAA4BA000E2D1D9;
			remoteInfo = PitchRecord;
		};
/* End PBXContainerItemProxy section */

/* Begin PBXFileReference section */
		B11099431EAD641800C63C03 /* PlaySoundsViewController+Audio.swift */ = {isa = PBXFileReference; fileEncoding = 4; lastKnownFileType = sourcecode.swift; path = "PlaySoundsViewController+Audio.swift"; sourceTree = "<group>"; };
		B15361841EAD47BF008CAD92 /* Assets.xcassets */ = {isa = PBXFileReference; lastKnownFileType = folder.assetcatalog; name = Assets.xcassets; path = PitchRecord/Assets.xcassets; sourceTree = "<group>"; };
		B1FE20871EAA4BA000E2D1D9 /* PitchPerfect.app */ = {isa = PBXFileReference; explicitFileType = wrapper.application; includeInIndex = 0; path = PitchPerfect.app; sourceTree = BUILT_PRODUCTS_DIR; };
		B1FE208A1EAA4BA000E2D1D9 /* AppDelegate.swift */ = {isa = PBXFileReference; lastKnownFileType = sourcecode.swift; path = AppDelegate.swift; sourceTree = "<group>"; };
		B1FE208C1EAA4BA000E2D1D9 /* RecordSoundsViewController.swift */ = {isa = PBXFileReference; lastKnownFileType = sourcecode.swift; path = RecordSoundsViewController.swift; sourceTree = "<group>"; };
		B1FE208F1EAA4BA000E2D1D9 /* Base */ = {isa = PBXFileReference; lastKnownFileType = file.storyboard; name = Base; path = Base.lproj/Main.storyboard; sourceTree = "<group>"; };
		B1FE20941EAA4BA000E2D1D9 /* Base */ = {isa = PBXFileReference; lastKnownFileType = file.storyboard; name = Base; path = Base.lproj/LaunchScreen.storyboard; sourceTree = "<group>"; };
		B1FE20961EAA4BA000E2D1D9 /* Info.plist */ = {isa = PBXFileReference; lastKnownFileType = text.plist.xml; path = Info.plist; sourceTree = "<group>"; };
		B1FE209B1EAA4BA000E2D1D9 /* PitchPerfectTests.xctest */ = {isa = PBXFileReference; explicitFileType = wrapper.cfbundle; includeInIndex = 0; path = PitchPerfectTests.xctest; sourceTree = BUILT_PRODUCTS_DIR; };
		B1FE20A61EAA4BA000E2D1D9 /* PitchPerfectUITests.xctest */ = {isa = PBXFileReference; explicitFileType = wrapper.cfbundle; includeInIndex = 0; path = PitchPerfectUITests.xctest; sourceTree = BUILT_PRODUCTS_DIR; };
		B1FE20AA1EAA4BA000E2D1D9 /* PitchPerfectUITests.swift */ = {isa = PBXFileReference; lastKnownFileType = sourcecode.swift; path = PitchPerfectUITests.swift; sourceTree = "<group>"; };
		B1FE20AC1EAA4BA000E2D1D9 /* Info.plist */ = {isa = PBXFileReference; lastKnownFileType = text.plist.xml; path = Info.plist; sourceTree = "<group>"; };
		B1FE20B81EAAAC2700E2D1D9 /* PlaySoundsViewController.swift */ = {isa = PBXFileReference; fileEncoding = 4; lastKnownFileType = sourcecode.swift; path = PlaySoundsViewController.swift; sourceTree = "<group>"; };
/* End PBXFileReference section */

/* Begin PBXFrameworksBuildPhase section */
		B1FE20841EAA4BA000E2D1D9 /* Frameworks */ = {
			isa = PBXFrameworksBuildPhase;
			buildActionMask = 2147483647;
			files = (
			);
			runOnlyForDeploymentPostprocessing = 0;
		};
		B1FE20981EAA4BA000E2D1D9 /* Frameworks */ = {
			isa = PBXFrameworksBuildPhase;
			buildActionMask = 2147483647;
			files = (
			);
			runOnlyForDeploymentPostprocessing = 0;
		};
		B1FE20A31EAA4BA000E2D1D9 /* Frameworks */ = {
			isa = PBXFrameworksBuildPhase;
			buildActionMask = 2147483647;
			files = (
			);
			runOnlyForDeploymentPostprocessing = 0;
		};
/* End PBXFrameworksBuildPhase section */

/* Begin PBXGroup section */
		B1FE207E1EAA4BA000E2D1D9 = {
			isa = PBXGroup;
			children = (
				B15361841EAD47BF008CAD92 /* Assets.xcassets */,
				B1FE20891EAA4BA000E2D1D9 /* PitchPefect */,
				B1FE20A91EAA4BA000E2D1D9 /* PitchPerfectUITests */,
				B1FE20881EAA4BA000E2D1D9 /* Products */,
			);
			sourceTree = "<group>";
		};
		B1FE20881EAA4BA000E2D1D9 /* Products */ = {
			isa = PBXGroup;
			children = (
				B1FE20871EAA4BA000E2D1D9 /* PitchPerfect.app */,
				B1FE209B1EAA4BA000E2D1D9 /* PitchPerfectTests.xctest */,
				B1FE20A61EAA4BA000E2D1D9 /* PitchPerfectUITests.xctest */,
			);
			name = Products;
			sourceTree = "<group>";
		};
		B1FE20891EAA4BA000E2D1D9 /* PitchPefect */ = {
			isa = PBXGroup;
			children = (
				B1FE20B81EAAAC2700E2D1D9 /* PlaySoundsViewController.swift */,
				B1FE208A1EAA4BA000E2D1D9 /* AppDelegate.swift */,
				B1FE208C1EAA4BA000E2D1D9 /* RecordSoundsViewController.swift */,
				B11099431EAD641800C63C03 /* PlaySoundsViewController+Audio.swift */,
				B1FE208E1EAA4BA000E2D1D9 /* Main.storyboard */,
				B1FE20931EAA4BA000E2D1D9 /* LaunchScreen.storyboard */,
				B1FE20961EAA4BA000E2D1D9 /* Info.plist */,
			);
			name = PitchPefect;
			path = PitchRecord;
			sourceTree = "<group>";
		};
		B1FE20A91EAA4BA000E2D1D9 /* PitchPerfectUITests */ = {
			isa = PBXGroup;
			children = (
				B1FE20AA1EAA4BA000E2D1D9 /* PitchPerfectUITests.swift */,
				B1FE20AC1EAA4BA000E2D1D9 /* Info.plist */,
			);
			name = PitchPerfectUITests;
			path = PitchRecordUITests;
			sourceTree = "<group>";
		};
/* End PBXGroup section */

/* Begin PBXNativeTarget section */
		B1FE20861EAA4BA000E2D1D9 /* PitchPerfect */ = {
			isa = PBXNativeTarget;
			buildConfigurationList = B1FE20AF1EAA4BA000E2D1D9 /* Build configuration list for PBXNativeTarget "PitchPerfect" */;
			buildPhases = (
				B1FE20831EAA4BA000E2D1D9 /* Sources */,
				B1FE20841EAA4BA000E2D1D9 /* Frameworks */,
				B1FE20851EAA4BA000E2D1D9 /* Resources */,
			);
			buildRules = (
			);
			dependencies = (
			);
			name = PitchPerfect;
			productName = PitchRecord;
			productReference = B1FE20871EAA4BA000E2D1D9 /* PitchPerfect.app */;
			productType = "com.apple.product-type.application";
		};
		B1FE209A1EAA4BA000E2D1D9 /* PitchPerfectTests */ = {
			isa = PBXNativeTarget;
			buildConfigurationList = B1FE20B21EAA4BA000E2D1D9 /* Build configuration list for PBXNativeTarget "PitchPerfectTests" */;
			buildPhases = (
				B1FE20971EAA4BA000E2D1D9 /* Sources */,
				B1FE20981EAA4BA000E2D1D9 /* Frameworks */,
				B1FE20991EAA4BA000E2D1D9 /* Resources */,
			);
			buildRules = (
			);
			dependencies = (
				B1FE209D1EAA4BA000E2D1D9 /* PBXTargetDependency */,
			);
			name = PitchPerfectTests;
			productName = PitchRecordTests;
			productReference = B1FE209B1EAA4BA000E2D1D9 /* PitchPerfectTests.xctest */;
			productType = "com.apple.product-type.bundle.unit-test";
		};
		B1FE20A51EAA4BA000E2D1D9 /* PitchPerfectUITests */ = {
			isa = PBXNativeTarget;
			buildConfigurationList = B1FE20B51EAA4BA000E2D1D9 /* Build configuration list for PBXNativeTarget "PitchPerfectUITests" */;
			buildPhases = (
				B1FE20A21EAA4BA000E2D1D9 /* Sources */,
				B1FE20A31EAA4BA000E2D1D9 /* Frameworks */,
				B1FE20A41EAA4BA000E2D1D9 /* Resources */,
			);
			buildRules = (
			);
			dependencies = (
				B1FE20A81EAA4BA000E2D1D9 /* PBXTargetDependency */,
			);
			name = PitchPerfectUITests;
			productName = PitchRecordUITests;
			productReference = B1FE20A61EAA4BA000E2D1D9 /* PitchPerfectUITests.xctest */;
			productType = "com.apple.product-type.bundle.ui-testing";
		};
/* End PBXNativeTarget section */

/* Begin PBXProject section */
		B1FE207F1EAA4BA000E2D1D9 /* Project object */ = {
			isa = PBXProject;
			attributes = {
				LastSwiftUpdateCheck = 0830;
				LastUpgradeCheck = 0830;
				ORGANIZATIONNAME = PitchRecord;
				TargetAttributes = {
					B1FE20861EAA4BA000E2D1D9 = {
						CreatedOnToolsVersion = 8.3;
						DevelopmentTeam = 8G7W5C96YN;
						ProvisioningStyle = Automatic;
					};
					B1FE209A1EAA4BA000E2D1D9 = {
						CreatedOnToolsVersion = 8.3;
						DevelopmentTeam = 8G7W5C96YN;
						ProvisioningStyle = Automatic;
						TestTargetID = B1FE20861EAA4BA000E2D1D9;
					};
					B1FE20A51EAA4BA000E2D1D9 = {
						CreatedOnToolsVersion = 8.3;
						DevelopmentTeam = 8G7W5C96YN;
						ProvisioningStyle = Automatic;
						TestTargetID = B1FE20861EAA4BA000E2D1D9;
					};
				};
			};
			buildConfigurationList = B1FE20821EAA4BA000E2D1D9 /* Build configuration list for PBXProject "PitchPerfect" */;
			compatibilityVersion = "Xcode 3.2";
			developmentRegion = English;
			hasScannedForEncodings = 0;
			knownRegions = (
				en,
				Base,
			);
			mainGroup = B1FE207E1EAA4BA000E2D1D9;
			productRefGroup = B1FE20881EAA4BA000E2D1D9 /* Products */;
			projectDirPath = "";
			projectRoot = "";
			targets = (
				B1FE20861EAA4BA000E2D1D9 /* PitchPerfect */,
				B1FE209A1EAA4BA000E2D1D9 /* PitchPerfectTests */,
				B1FE20A51EAA4BA000E2D1D9 /* PitchPerfectUITests */,
			);
		};
/* End PBXProject section */

/* Begin PBXResourcesBuildPhase section */
		B1FE20851EAA4BA000E2D1D9 /* Resources */ = {
			isa = PBXResourcesBuildPhase;
			buildActionMask = 2147483647;
			files = (
				B1FE20951EAA4BA000E2D1D9 /* LaunchScreen.storyboard in Resources */,
				B15361851EAD47BF008CAD92 /* Assets.xcassets in Resources */,
				B1FE20901EAA4BA000E2D1D9 /* Main.storyboard in Resources */,
			);
			runOnlyForDeploymentPostprocessing = 0;
		};
		B1FE20991EAA4BA000E2D1D9 /* Resources */ = {
			isa = PBXResourcesBuildPhase;
			buildActionMask = 2147483647;
			files = (
			);
			runOnlyForDeploymentPostprocessing = 0;
		};
		B1FE20A41EAA4BA000E2D1D9 /* Resources */ = {
			isa = PBXResourcesBuildPhase;
			buildActionMask = 2147483647;
			files = (
			);
			runOnlyForDeploymentPostprocessing = 0;
		};
/* End PBXResourcesBuildPhase section */

/* Begin PBXSourcesBuildPhase section */
		B1FE20831EAA4BA000E2D1D9 /* Sources */ = {
			isa = PBXSourcesBuildPhase;
			buildActionMask = 2147483647;
			files = (
				B1FE208D1EAA4BA000E2D1D9 /* RecordSoundsViewController.swift in Sources */,
				B11099441EAD641800C63C03 /* PlaySoundsViewController+Audio.swift in Sources */,
				B1FE20B91EAAAC2700E2D1D9 /* PlaySoundsViewController.swift in Sources */,
				B1FE208B1EAA4BA000E2D1D9 /* AppDelegate.swift in Sources */,
			);
			runOnlyForDeploymentPostprocessing = 0;
		};
		B1FE20971EAA4BA000E2D1D9 /* Sources */ = {
			isa = PBXSourcesBuildPhase;
			buildActionMask = 2147483647;
			files = (
			);
			runOnlyForDeploymentPostprocessing = 0;
		};
		B1FE20A21EAA4BA000E2D1D9 /* Sources */ = {
			isa = PBXSourcesBuildPhase;
			buildActionMask = 2147483647;
			files = (
				B1FE20AB1EAA4BA000E2D1D9 /* PitchPerfectUITests.swift in Sources */,
			);
			runOnlyForDeploymentPostprocessing = 0;
		};
/* End PBXSourcesBuildPhase section */

/* Begin PBXTargetDependency section */
		B1FE209D1EAA4BA000E2D1D9 /* PBXTargetDependency */ = {
			isa = PBXTargetDependency;
			target = B1FE20861EAA4BA000E2D1D9 /* PitchPerfect */;
			targetProxy = B1FE209C1EAA4BA000E2D1D9 /* PBXContainerItemProxy */;
		};
		B1FE20A81EAA4BA000E2D1D9 /* PBXTargetDependency */ = {
			isa = PBXTargetDependency;
			target = B1FE20861EAA4BA000E2D1D9 /* PitchPerfect */;
			targetProxy = B1FE20A71EAA4BA000E2D1D9 /* PBXContainerItemProxy */;
		};
/* End PBXTargetDependency section */

/* Begin PBXVariantGroup section */
		B1FE208E1EAA4BA000E2D1D9 /* Main.storyboard */ = {
			isa = PBXVariantGroup;
			children = (
				B1FE208F1EAA4BA000E2D1D9 /* Base */,
			);
			name = Main.storyboard;
			sourceTree = "<group>";
		};
		B1FE20931EAA4BA000E2D1D9 /* LaunchScreen.storyboard */ = {
			isa = PBXVariantGroup;
			children = (
				B1FE20941EAA4BA000E2D1D9 /* Base */,
			);
			name = LaunchScreen.storyboard;
			sourceTree = "<group>";
		};
/* End PBXVariantGroup section */

/* Begin XCBuildConfiguration section */
		B1FE20AD1EAA4BA000E2D1D9 /* Debug */ = {
			isa = XCBuildConfiguration;
			buildSettings = {
				ALWAYS_SEARCH_USER_PATHS = NO;
				CLANG_ANALYZER_NONNULL = YES;
				CLANG_ANALYZER_NUMBER_OBJECT_CONVERSION = YES_AGGRESSIVE;
				CLANG_CXX_LANGUAGE_STANDARD = "gnu++0x";
				CLANG_CXX_LIBRARY = "libc++";
				CLANG_ENABLE_MODULES = YES;
				CLANG_ENABLE_OBJC_ARC = YES;
				CLANG_WARN_BOOL_CONVERSION = YES;
				CLANG_WARN_CONSTANT_CONVERSION = YES;
				CLANG_WARN_DIRECT_OBJC_ISA_USAGE = YES_ERROR;
				CLANG_WARN_DOCUMENTATION_COMMENTS = YES;
				CLANG_WARN_EMPTY_BODY = YES;
				CLANG_WARN_ENUM_CONVERSION = YES;
				CLANG_WARN_INFINITE_RECURSION = YES;
				CLANG_WARN_INT_CONVERSION = YES;
				CLANG_WARN_OBJC_ROOT_CLASS = YES_ERROR;
				CLANG_WARN_SUSPICIOUS_MOVE = YES;
				CLANG_WARN_UNREACHABLE_CODE = YES;
				CLANG_WARN__DUPLICATE_METHOD_MATCH = YES;
				"CODE_SIGN_IDENTITY[sdk=iphoneos*]" = "iPhone Developer";
				COPY_PHASE_STRIP = NO;
				DEBUG_INFORMATION_FORMAT = dwarf;
				ENABLE_STRICT_OBJC_MSGSEND = YES;
				ENABLE_TESTABILITY = YES;
				GCC_C_LANGUAGE_STANDARD = gnu99;
				GCC_DYNAMIC_NO_PIC = NO;
				GCC_NO_COMMON_BLOCKS = YES;
				GCC_OPTIMIZATION_LEVEL = 0;
				GCC_PREPROCESSOR_DEFINITIONS = (
					"DEBUG=1",
					"$(inherited)",
				);
				GCC_WARN_64_TO_32_BIT_CONVERSION = YES;
				GCC_WARN_ABOUT_RETURN_TYPE = YES_ERROR;
				GCC_WARN_UNDECLARED_SELECTOR = YES;
				GCC_WARN_UNINITIALIZED_AUTOS = YES_AGGRESSIVE;
				GCC_WARN_UNUSED_FUNCTION = YES;
				GCC_WARN_UNUSED_VARIABLE = YES;
				IPHONEOS_DEPLOYMENT_TARGET = 10.3;
				MTL_ENABLE_DEBUG_INFO = YES;
				ONLY_ACTIVE_ARCH = YES;
				SDKROOT = iphoneos;
				SWIFT_ACTIVE_COMPILATION_CONDITIONS = DEBUG;
				SWIFT_OPTIMIZATION_LEVEL = "-Onone";
				TARGETED_DEVICE_FAMILY = "1,2";
			};
			name = Debug;
		};
		B1FE20AE1EAA4BA000E2D1D9 /* Release */ = {
			isa = XCBuildConfiguration;
			buildSettings = {
				ALWAYS_SEARCH_USER_PATHS = NO;
				CLANG_ANALYZER_NONNULL = YES;
				CLANG_ANALYZER_NUMBER_OBJECT_CONVERSION = YES_AGGRESSIVE;
				CLANG_CXX_LANGUAGE_STANDARD = "gnu++0x";
				CLANG_CXX_LIBRARY = "libc++";
				CLANG_ENABLE_MODULES = YES;
				CLANG_ENABLE_OBJC_ARC = YES;
				CLANG_WARN_BOOL_CONVERSION = YES;
				CLANG_WARN_CONSTANT_CONVERSION = YES;
				CLANG_WARN_DIRECT_OBJC_ISA_USAGE = YES_ERROR;
				CLANG_WARN_DOCUMENTATION_COMMENTS = YES;
				CLANG_WARN_EMPTY_BODY = YES;
				CLANG_WARN_ENUM_CONVERSION = YES;
				CLANG_WARN_INFINITE_RECURSION = YES;
				CLANG_WARN_INT_CONVERSION = YES;
				CLANG_WARN_OBJC_ROOT_CLASS = YES_ERROR;
				CLANG_WARN_SUSPICIOUS_MOVE = YES;
				CLANG_WARN_UNREACHABLE_CODE = YES;
				CLANG_WARN__DUPLICATE_METHOD_MATCH = YES;
				"CODE_SIGN_IDENTITY[sdk=iphoneos*]" = "iPhone Developer";
				COPY_PHASE_STRIP = NO;
				DEBUG_INFORMATION_FORMAT = "dwarf-with-dsym";
				ENABLE_NS_ASSERTIONS = NO;
				ENABLE_STRICT_OBJC_MSGSEND = YES;
				GCC_C_LANGUAGE_STANDARD = gnu99;
				GCC_NO_COMMON_BLOCKS = YES;
				GCC_WARN_64_TO_32_BIT_CONVERSION = YES;
				GCC_WARN_ABOUT_RETURN_TYPE = YES_ERROR;
				GCC_WARN_UNDECLARED_SELECTOR = YES;
				GCC_WARN_UNINITIALIZED_AUTOS = YES_AGGRESSIVE;
				GCC_WARN_UNUSED_FUNCTION = YES;
				GCC_WARN_UNUSED_VARIABLE = YES;
				IPHONEOS_DEPLOYMENT_TARGET = 10.3;
				MTL_ENABLE_DEBUG_INFO = NO;
				SDKROOT = iphoneos;
				SWIFT_OPTIMIZATION_LEVEL = "-Owholemodule";
				TARGETED_DEVICE_FAMILY = "1,2";
				VALIDATE_PRODUCT = YES;
			};
			name = Release;
		};
		B1FE20B01EAA4BA000E2D1D9 /* Debug */ = {
			isa = XCBuildConfiguration;
			buildSettings = {
				ASSETCATALOG_COMPILER_APPICON_NAME = AppIcon;
				DEVELOPMENT_TEAM = 8G7W5C96YN;
				INFOPLIST_FILE = PitchRecord/Info.plist;
				LD_RUNPATH_SEARCH_PATHS = "$(inherited) @executable_path/Frameworks";
				PRODUCT_BUNDLE_IDENTIFIER = PitchPerfect;
				PRODUCT_NAME = "$(TARGET_NAME)";
				SWIFT_VERSION = 3.0;
			};
			name = Debug;
		};
		B1FE20B11EAA4BA000E2D1D9 /* Release */ = {
			isa = XCBuildConfiguration;
			buildSettings = {
				ASSETCATALOG_COMPILER_APPICON_NAME = AppIcon;
				DEVELOPMENT_TEAM = 8G7W5C96YN;
				INFOPLIST_FILE = PitchRecord/Info.plist;
				LD_RUNPATH_SEARCH_PATHS = "$(inherited) @executable_path/Frameworks";
				PRODUCT_BUNDLE_IDENTIFIER = PitchPerfect;
				PRODUCT_NAME = "$(TARGET_NAME)";
				SWIFT_VERSION = 3.0;
			};
			name = Release;
		};
		B1FE20B31EAA4BA000E2D1D9 /* Debug */ = {
			isa = XCBuildConfiguration;
			buildSettings = {
				ALWAYS_EMBED_SWIFT_STANDARD_LIBRARIES = YES;
				BUNDLE_LOADER = "$(TEST_HOST)";
				DEVELOPMENT_TEAM = 8G7W5C96YN;
				INFOPLIST_FILE = PitchRecordTests/Info.plist;
				LD_RUNPATH_SEARCH_PATHS = "$(inherited) @executable_path/Frameworks @loader_path/Frameworks";
				PRODUCT_BUNDLE_IDENTIFIER = Udacity.PitchRecordTests;
				PRODUCT_NAME = "$(TARGET_NAME)";
				SWIFT_VERSION = 3.0;
				TEST_HOST = "$(BUILT_PRODUCTS_DIR)/PitchPerfect.app/PitchPerfect";
			};
			name = Debug;
		};
		B1FE20B41EAA4BA000E2D1D9 /* Release */ = {
			isa = XCBuildConfiguration;
			buildSettings = {
				ALWAYS_EMBED_SWIFT_STANDARD_LIBRARIES = YES;
				BUNDLE_LOADER = "$(TEST_HOST)";
				DEVELOPMENT_TEAM = 8G7W5C96YN;
				INFOPLIST_FILE = PitchRecordTests/Info.plist;
				LD_RUNPATH_SEARCH_PATHS = "$(inherited) @executable_path/Frameworks @loader_path/Frameworks";
				PRODUCT_BUNDLE_IDENTIFIER = Udacity.PitchRecordTests;
				PRODUCT_NAME = "$(TARGET_NAME)";
				SWIFT_VERSION = 3.0;
				TEST_HOST = "$(BUILT_PRODUCTS_DIR)/PitchPerfect.app/PitchPerfect";
			};
			name = Release;
		};
		B1FE20B61EAA4BA000E2D1D9 /* Debug */ = {
			isa = XCBuildConfiguration;
			buildSettings = {
				ALWAYS_EMBED_SWIFT_STANDARD_LIBRARIES = YES;
				DEVELOPMENT_TEAM = 8G7W5C96YN;
				INFOPLIST_FILE = PitchRecordUITests/Info.plist;
				LD_RUNPATH_SEARCH_PATHS = "$(inherited) @executable_path/Frameworks @loader_path/Frameworks";
				PRODUCT_BUNDLE_IDENTIFIER = Udacity.PitchRecordUITests;
				PRODUCT_NAME = "$(TARGET_NAME)";
				SWIFT_VERSION = 3.0;
				TEST_TARGET_NAME = PitchRecord;
			};
			name = Debug;
		};
		B1FE20B71EAA4BA000E2D1D9 /* Release */ = {
			isa = XCBuildConfiguration;
			buildSettings = {
				ALWAYS_EMBED_SWIFT_STANDARD_LIBRARIES = YES;
				DEVELOPMENT_TEAM = 8G7W5C96YN;
				INFOPLIST_FILE = PitchRecordUITests/Info.plist;
				LD_RUNPATH_SEARCH_PATHS = "$(inherited) @executable_path/Frameworks @loader_path/Frameworks";
				PRODUCT_BUNDLE_IDENTIFIER = Udacity.PitchRecordUITests;
				PRODUCT_NAME = "$(TARGET_NAME)";
				SWIFT_VERSION = 3.0;
				TEST_TARGET_NAME = PitchRecord;
			};
			name = Release;
		};
/* End XCBuildConfiguration section */

/* Begin XCConfigurationList section */
		B1FE20821EAA4BA000E2D1D9 /* Build configuration list for PBXProject "PitchPerfect" */ = {
			isa = XCConfigurationList;
			buildConfigurations = (
				B1FE20AD1EAA4BA000E2D1D9 /* Debug */,
				B1FE20AE1EAA4BA000E2D1D9 /* Release */,
			);
			defaultConfigurationIsVisible = 0;
			defaultConfigurationName = Release;
		};
		B1FE20AF1EAA4BA000E2D1D9 /* Build configuration list for PBXNativeTarget "PitchPerfect" */ = {
			isa = XCConfigurationList;
			buildConfigurations = (
				B1FE20B01EAA4BA000E2D1D9 /* Debug */,
				B1FE20B11EAA4BA000E2D1D9 /* Release */,
			);
			defaultConfigurationIsVisible = 0;
			defaultConfigurationName = Release;
		};
		B1FE20B21EAA4BA000E2D1D9 /* Build configuration list for PBXNativeTarget "PitchPerfectTests" */ = {
			isa = XCConfigurationList;
			buildConfigurations = (
				B1FE20B31EAA4BA000E2D1D9 /* Debug */,
				B1FE20B41EAA4BA000E2D1D9 /* Release */,
			);
			defaultConfigurationIsVisible = 0;
			defaultConfigurationName = Release;
		};
		B1FE20B51EAA4BA000E2D1D9 /* Build configuration list for PBXNativeTarget "PitchPerfectUITests" */ = {
			isa = XCConfigurationList;
			buildConfigurations = (
				B1FE20B61EAA4BA000E2D1D9 /* Debug */,
				B1FE20B71EAA4BA000E2D1D9 /* Release */,
			);
			defaultConfigurationIsVisible = 0;
			defaultConfigurationName = Release;
		};
/* End XCConfigurationList section */
	};
	rootObject = B1FE207F1EAA4BA000E2D1D9 /* Project object */;
}
